
Microsoft Visual Studio Solution File, Format Version 12.00
Project("{FAE04EC0-301F-11D3-BF4B-00C04F79EFBC}") = "Task3_дз3", "Task3_дз3\Task3_дз3.csproj", "{BAD7A9BD-1080-4AB6-96E5-7E117521F2F3}"
EndProject
Global
	GlobalSection(SolutionConfigurationPlatforms) = preSolution
		Debug|Any CPU = Debug|Any CPU
		Release|Any CPU = Release|Any CPU
	EndGlobalSection
	GlobalSection(ProjectConfigurationPlatforms) = postSolution
		{BAD7A9BD-1080-4AB6-96E5-7E117521F2F3}.Debug|Any CPU.ActiveCfg = Debug|Any CPU
		{BAD7A9BD-1080-4AB6-96E5-7E117521F2F3}.Debug|Any CPU.Build.0 = Debug|Any CPU
		{BAD7A9BD-1080-4AB6-96E5-7E117521F2F3}.Release|Any CPU.ActiveCfg = Release|Any CPU
		{BAD7A9BD-1080-4AB6-96E5-7E117521F2F3}.Release|Any CPU.Build.0 = Release|Any CPU
	EndGlobalSection
EndGlobal
